
Microsoft Visual Studio Solution File, Format Version 12.00
# Visual Studio Version 16
VisualStudioVersion = 16.0.31112.23
MinimumVisualStudioVersion = 10.0.40219.1
Project("{2150E333-8FDC-42A3-9474-1A3956D46DE8}") = "Microservices", "Microservices", "{1CF71305-548B-4B62-A634-F4FD8551A211}"
EndProject
Project("{2150E333-8FDC-42A3-9474-1A3956D46DE8}") = "Domain", "Domain", "{CC7E8E78-25FF-4ACE-AAD8-F67146BD5F2C}"
EndProject
Project("{2150E333-8FDC-42A3-9474-1A3956D46DE8}") = "Infra.Bus", "Infra.Bus", "{6999956E-EB5C-4160-A830-1B050B34A5D3}"
EndProject
Project("{2150E333-8FDC-42A3-9474-1A3956D46DE8}") = "Infra.Ioc", "Infra.Ioc", "{79E9ED2D-E917-4F52-8EBC-14E4270C488A}"
EndProject
Project("{2150E333-8FDC-42A3-9474-1A3956D46DE8}") = "Presentation", "Presentation", "{6FE4DF5A-D676-4C8E-AC72-AA1E1F1FB059}"
EndProject
Project("{9A19103F-16F7-4668-BE54-9A1E7A4F7556}") = "MicroRabbit.Domain.Core", "MicroRabbit.Domain.Core\MicroRabbit.Domain.Core.csproj", "{A94D26D7-2BF8-4474-B222-958D6561C3E2}"
EndProject
Project("{FAE04EC0-301F-11D3-BF4B-00C04F79EFBC}") = "MicroRabbit.Infra.Bus", "MicroRabbit.Infra.Bus\MicroRabbit.Infra.Bus.csproj", "{4D8F9338-AE41-48DF-989A-98D06A7931EE}"
EndProject
Project("{FAE04EC0-301F-11D3-BF4B-00C04F79EFBC}") = "MicroRabbit.Infra.IoC", "MicroRabbit.Infra.IoC\MicroRabbit.Infra.IoC.csproj", "{CB80AED4-B91A-4F90-AF31-0C71321F408F}"
EndProject
Project("{2150E333-8FDC-42A3-9474-1A3956D46DE8}") = "Banking", "Banking", "{2F50966E-0DCC-4FD9-B17D-55CEFC5E34BC}"
EndProject
Project("{2150E333-8FDC-42A3-9474-1A3956D46DE8}") = "API", "API", "{DC1C72AB-AB14-4B67-ACCF-0BA8509B82AE}"
EndProject
Project("{2150E333-8FDC-42A3-9474-1A3956D46DE8}") = "Domain", "Domain", "{22C6934C-7E75-4F48-9AC3-D7865BB636DF}"
EndProject
Project("{2150E333-8FDC-42A3-9474-1A3956D46DE8}") = "Application", "Application", "{6FE22B67-F913-4524-8C7A-777640765429}"
EndProject
Project("{2150E333-8FDC-42A3-9474-1A3956D46DE8}") = "Data", "Data", "{F6D21E50-EBC3-4872-82CA-2CF2963B9185}"
EndProject
Project("{FAE04EC0-301F-11D3-BF4B-00C04F79EFBC}") = "MicroRabbit.Banking.API", "MicroRabbit.Banking.API\MicroRabbit.Banking.API.csproj", "{DF444B47-3BB9-4A26-8E82-C74A5AC10341}"
EndProject
Project("{FAE04EC0-301F-11D3-BF4B-00C04F79EFBC}") = "MicroRabbit.Banking.Application", "MicroRabbit.Banking.Application\MicroRabbit.Banking.Application.csproj", "{288F28B4-1C51-4D46-81B7-7B6AC972EF43}"
EndProject
Project("{FAE04EC0-301F-11D3-BF4B-00C04F79EFBC}") = "MicroRabbit.Banking.Data", "MicroRabbit.Banking.Data\MicroRabbit.Banking.Data.csproj", "{46BB2625-DB42-4F6D-9178-4060E83455F2}"
EndProject
Project("{FAE04EC0-301F-11D3-BF4B-00C04F79EFBC}") = "MicroRabbit.Banking.Domain", "MicroRabbit.Banking.Domain\MicroRabbit.Banking.Domain.csproj", "{E190F9FC-FBC0-472E-9168-600DA22F8132}"
EndProject
Global
	GlobalSection(SolutionConfigurationPlatforms) = preSolution
		Debug|Any CPU = Debug|Any CPU
		Release|Any CPU = Release|Any CPU
	EndGlobalSection
	GlobalSection(ProjectConfigurationPlatforms) = postSolution
		{A94D26D7-2BF8-4474-B222-958D6561C3E2}.Debug|Any CPU.ActiveCfg = Debug|Any CPU
		{A94D26D7-2BF8-4474-B222-958D6561C3E2}.Debug|Any CPU.Build.0 = Debug|Any CPU
		{A94D26D7-2BF8-4474-B222-958D6561C3E2}.Release|Any CPU.ActiveCfg = Release|Any CPU
		{A94D26D7-2BF8-4474-B222-958D6561C3E2}.Release|Any CPU.Build.0 = Release|Any CPU
		{4D8F9338-AE41-48DF-989A-98D06A7931EE}.Debug|Any CPU.ActiveCfg = Debug|Any CPU
		{4D8F9338-AE41-48DF-989A-98D06A7931EE}.Debug|Any CPU.Build.0 = Debug|Any CPU
		{4D8F9338-AE41-48DF-989A-98D06A7931EE}.Release|Any CPU.ActiveCfg = Release|Any CPU
		{4D8F9338-AE41-48DF-989A-98D06A7931EE}.Release|Any CPU.Build.0 = Release|Any CPU
		{CB80AED4-B91A-4F90-AF31-0C71321F408F}.Debug|Any CPU.ActiveCfg = Debug|Any CPU
		{CB80AED4-B91A-4F90-AF31-0C71321F408F}.Debug|Any CPU.Build.0 = Debug|Any CPU
		{CB80AED4-B91A-4F90-AF31-0C71321F408F}.Release|Any CPU.ActiveCfg = Release|Any CPU
		{CB80AED4-B91A-4F90-AF31-0C71321F408F}.Release|Any CPU.Build.0 = Release|Any CPU
		{DF444B47-3BB9-4A26-8E82-C74A5AC10341}.Debug|Any CPU.ActiveCfg = Debug|Any CPU
		{DF444B47-3BB9-4A26-8E82-C74A5AC10341}.Debug|Any CPU.Build.0 = Debug|Any CPU
		{DF444B47-3BB9-4A26-8E82-C74A5AC10341}.Release|Any CPU.ActiveCfg = Release|Any CPU
		{DF444B47-3BB9-4A26-8E82-C74A5AC10341}.Release|Any CPU.Build.0 = Release|Any CPU
		{288F28B4-1C51-4D46-81B7-7B6AC972EF43}.Debug|Any CPU.ActiveCfg = Debug|Any CPU
		{288F28B4-1C51-4D46-81B7-7B6AC972EF43}.Debug|Any CPU.Build.0 = Debug|Any CPU
		{288F28B4-1C51-4D46-81B7-7B6AC972EF43}.Release|Any CPU.ActiveCfg = Release|Any CPU
		{288F28B4-1C51-4D46-81B7-7B6AC972EF43}.Release|Any CPU.Build.0 = Release|Any CPU
		{46BB2625-DB42-4F6D-9178-4060E83455F2}.Debug|Any CPU.ActiveCfg = Debug|Any CPU
		{46BB2625-DB42-4F6D-9178-4060E83455F2}.Debug|Any CPU.Build.0 = Debug|Any CPU
		{46BB2625-DB42-4F6D-9178-4060E83455F2}.Release|Any CPU.ActiveCfg = Release|Any CPU
		{46BB2625-DB42-4F6D-9178-4060E83455F2}.Release|Any CPU.Build.0 = Release|Any CPU
		{E190F9FC-FBC0-472E-9168-600DA22F8132}.Debug|Any CPU.ActiveCfg = Debug|Any CPU
		{E190F9FC-FBC0-472E-9168-600DA22F8132}.Debug|Any CPU.Build.0 = Debug|Any CPU
		{E190F9FC-FBC0-472E-9168-600DA22F8132}.Release|Any CPU.ActiveCfg = Release|Any CPU
		{E190F9FC-FBC0-472E-9168-600DA22F8132}.Release|Any CPU.Build.0 = Release|Any CPU
	EndGlobalSection
	GlobalSection(SolutionProperties) = preSolution
		HideSolutionNode = FALSE
	EndGlobalSection
	GlobalSection(NestedProjects) = preSolution
		{A94D26D7-2BF8-4474-B222-958D6561C3E2} = {CC7E8E78-25FF-4ACE-AAD8-F67146BD5F2C}
		{4D8F9338-AE41-48DF-989A-98D06A7931EE} = {6999956E-EB5C-4160-A830-1B050B34A5D3}
		{CB80AED4-B91A-4F90-AF31-0C71321F408F} = {79E9ED2D-E917-4F52-8EBC-14E4270C488A}
		{2F50966E-0DCC-4FD9-B17D-55CEFC5E34BC} = {1CF71305-548B-4B62-A634-F4FD8551A211}
		{DC1C72AB-AB14-4B67-ACCF-0BA8509B82AE} = {2F50966E-0DCC-4FD9-B17D-55CEFC5E34BC}
		{22C6934C-7E75-4F48-9AC3-D7865BB636DF} = {2F50966E-0DCC-4FD9-B17D-55CEFC5E34BC}
		{6FE22B67-F913-4524-8C7A-777640765429} = {2F50966E-0DCC-4FD9-B17D-55CEFC5E34BC}
		{F6D21E50-EBC3-4872-82CA-2CF2963B9185} = {2F50966E-0DCC-4FD9-B17D-55CEFC5E34BC}
		{DF444B47-3BB9-4A26-8E82-C74A5AC10341} = {DC1C72AB-AB14-4B67-ACCF-0BA8509B82AE}
		{288F28B4-1C51-4D46-81B7-7B6AC972EF43} = {6FE22B67-F913-4524-8C7A-777640765429}
		{46BB2625-DB42-4F6D-9178-4060E83455F2} = {F6D21E50-EBC3-4872-82CA-2CF2963B9185}
		{E190F9FC-FBC0-472E-9168-600DA22F8132} = {22C6934C-7E75-4F48-9AC3-D7865BB636DF}
	EndGlobalSection
	GlobalSection(ExtensibilityGlobals) = postSolution
		SolutionGuid = {1B91743E-E293-429D-A898-C72C3685779E}
	EndGlobalSection
EndGlobal
