
Microsoft Visual Studio Solution File, Format Version 12.00
# Visual Studio Version 16
VisualStudioVersion = 16.0.31112.23
MinimumVisualStudioVersion = 10.0.40219.1
Project("{2150E333-8FDC-42A3-9474-1A3956D46DE8}") = "Microservices", "Microservices", "{1CF71305-548B-4B62-A634-F4FD8551A211}"
EndProject
Project("{2150E333-8FDC-42A3-9474-1A3956D46DE8}") = "Domain", "Domain", "{CC7E8E78-25FF-4ACE-AAD8-F67146BD5F2C}"
EndProject
Project("{2150E333-8FDC-42A3-9474-1A3956D46DE8}") = "Infra.Bus", "Infra.Bus", "{6999956E-EB5C-4160-A830-1B050B34A5D3}"
EndProject
Project("{2150E333-8FDC-42A3-9474-1A3956D46DE8}") = "Infra.Ioc", "Infra.Ioc", "{79E9ED2D-E917-4F52-8EBC-14E4270C488A}"
EndProject
Project("{2150E333-8FDC-42A3-9474-1A3956D46DE8}") = "Presentation", "Presentation", "{6FE4DF5A-D676-4C8E-AC72-AA1E1F1FB059}"
EndProject
Project("{FAE04EC0-301F-11D3-BF4B-00C04F79EFBC}") = "MicroRabbit.Domain.Core", "MicroRabbit.Domain.Core\MicroRabbit.Domain.Core.csproj", "{A94D26D7-2BF8-4474-B222-958D6561C3E2}"
EndProject
Global
	GlobalSection(SolutionConfigurationPlatforms) = preSolution
		Debug|Any CPU = Debug|Any CPU
		Release|Any CPU = Release|Any CPU
	EndGlobalSection
	GlobalSection(ProjectConfigurationPlatforms) = postSolution
		{A94D26D7-2BF8-4474-B222-958D6561C3E2}.Debug|Any CPU.ActiveCfg = Debug|Any CPU
		{A94D26D7-2BF8-4474-B222-958D6561C3E2}.Debug|Any CPU.Build.0 = Debug|Any CPU
		{A94D26D7-2BF8-4474-B222-958D6561C3E2}.Release|Any CPU.ActiveCfg = Release|Any CPU
		{A94D26D7-2BF8-4474-B222-958D6561C3E2}.Release|Any CPU.Build.0 = Release|Any CPU
	EndGlobalSection
	GlobalSection(SolutionProperties) = preSolution
		HideSolutionNode = FALSE
	EndGlobalSection
	GlobalSection(NestedProjects) = preSolution
		{A94D26D7-2BF8-4474-B222-958D6561C3E2} = {CC7E8E78-25FF-4ACE-AAD8-F67146BD5F2C}
	EndGlobalSection
	GlobalSection(ExtensibilityGlobals) = postSolution
		SolutionGuid = {1B91743E-E293-429D-A898-C72C3685779E}
	EndGlobalSection
EndGlobal
